# This file is automatically @generated by Cargo.
# It is not intended for manual editing.
[[package]]
name = "cfg-if"
version = "0.1.10"
source = "registry+https://github.com/rust-lang/crates.io-index"
checksum = "4785bdd1c96b2a846b2bd7cc02e86b6b3dbf14e7e53446c4f54c92a361040822"

[[package]]
name = "flatbuffers"
version = "0.6.1"
source = "registry+https://github.com/rust-lang/crates.io-index"
checksum = "a788f068dd10687940565bf4b5480ee943176cbd114b12e811074bcf7c04e4b9"
dependencies = [
 "smallvec",
]

[[package]]
name = "flatc-rust"
version = "0.1.2"
source = "registry+https://github.com/rust-lang/crates.io-index"
checksum = "b37a2ed85bee7b6aa0d5305b4765bf4cc0f0cfbc25b86d524126a1ab755f6aed"
dependencies = [
 "log",
]

[[package]]
name = "log"
version = "0.4.8"
source = "registry+https://github.com/rust-lang/crates.io-index"
checksum = "14b6052be84e6b71ab17edffc2eeabf5c2c3ae1fdb464aae35ac50c67a44e1f7"
dependencies = [
 "cfg-if",
]

[[package]]
name = "schema"
version = "0.1.0"
dependencies = [
 "flatbuffers",
 "flatc-rust",
]

[[package]]
name = "smallvec"
version = "1.4.0"
source = "registry+https://github.com/rust-lang/crates.io-index"
checksum = "c7cb5678e1615754284ec264d9bb5b4c27d2018577fd90ac0ceb578591ed5ee4"
